// !$*UTF8*$!
{
	archiveVersion = 1;
	classes = {
	};
	objectVersion = 46;
	objects = {

/* Begin PBXBuildFile section */
		912C01B3197755A7001C6093 /* MessageUI.framework in Frameworks */ = {isa = PBXBuildFile; fileRef = 912C01B2197755A7001C6093 /* MessageUI.framework */; };
		915A77DB198B078700FBCC92 /* data.plist in Resources */ = {isa = PBXBuildFile; fileRef = 915A77DA198B078700FBCC92 /* data.plist */; };
		E112D5851C07418000678FA4 /* mmulogo2.png in Resources */ = {isa = PBXBuildFile; fileRef = E112D5841C07418000678FA4 /* mmulogo2.png */; };
		E12BF2B5197E519600E19036 /* resultsView.m in Sources */ = {isa = PBXBuildFile; fileRef = E12BF2B4197E519600E19036 /* resultsView.m */; };
		E12BF2B8197E898300E19036 /* subjectViewController.m in Sources */ = {isa = PBXBuildFile; fileRef = E12BF2B7197E898300E19036 /* subjectViewController.m */; };
		E12BF2BB197E899F00E19036 /* readingsViewController.m in Sources */ = {isa = PBXBuildFile; fileRef = E12BF2BA197E899F00E19036 /* readingsViewController.m */; };
		E12EEAAF19752EF300CEDBD5 /* about50x50.png in Resources */ = {isa = PBXBuildFile; fileRef = E12EEAA219752EF300CEDBD5 /* about50x50.png */; };
		E12EEAB119752EF300CEDBD5 /* about50x50@2x.png in Resources */ = {isa = PBXBuildFile; fileRef = E12EEAA419752EF300CEDBD5 /* about50x50@2x.png */; };
		E12EEAB219752EF300CEDBD5 /* calc50x50.png in Resources */ = {isa = PBXBuildFile; fileRef = E12EEAA519752EF300CEDBD5 /* calc50x50.png */; };
		E12EEAB319752EF300CEDBD5 /* calc50x50@2x.png in Resources */ = {isa = PBXBuildFile; fileRef = E12EEAA619752EF300CEDBD5 /* calc50x50@2x.png */; };
		E12EEAB419752EF300CEDBD5 /* results50x50.png in Resources */ = {isa = PBXBuildFile; fileRef = E12EEAA719752EF300CEDBD5 /* results50x50.png */; };
		E12EEAB519752EF300CEDBD5 /* results50x50@2x.png in Resources */ = {isa = PBXBuildFile; fileRef = E12EEAA819752EF300CEDBD5 /* results50x50@2x.png */; };
		E12EEAB619752EF300CEDBD5 /* send50x50.png in Resources */ = {isa = PBXBuildFile; fileRef = E12EEAA919752EF300CEDBD5 /* send50x50.png */; };
		E12EEAB719752EF300CEDBD5 /* send50x50@2x.png in Resources */ = {isa = PBXBuildFile; fileRef = E12EEAAA19752EF300CEDBD5 /* send50x50@2x.png */; };
		E12EEAB819752EF300CEDBD5 /* settings50x50.png in Resources */ = {isa = PBXBuildFile; fileRef = E12EEAAB19752EF300CEDBD5 /* settings50x50.png */; };
		E12EEAB919752EF300CEDBD5 /* settings50x50@2x.png in Resources */ = {isa = PBXBuildFile; fileRef = E12EEAAC19752EF300CEDBD5 /* settings50x50@2x.png */; };
		E12EEABA19752EF300CEDBD5 /* vo2_50x50.png in Resources */ = {isa = PBXBuildFile; fileRef = E12EEAAD19752EF300CEDBD5 /* vo2_50x50.png */; };
		E12EEABB19752EF300CEDBD5 /* vo2_50x50@2x.png in Resources */ = {isa = PBXBuildFile; fileRef = E12EEAAE19752EF300CEDBD5 /* vo2_50x50@2x.png */; };
		E12EEABE19758ABF00CEDBD5 /* mySingleton.m in Sources */ = {isa = PBXBuildFile; fileRef = E12EEABD19758ABF00CEDBD5 /* mySingleton.m */; };
		E1AEEACF1C05EA07007D243E /* Settings.bundle in Resources */ = {isa = PBXBuildFile; fileRef = E1AEEACE1C05EA07007D243E /* Settings.bundle */; };
		E1B6D0AC1C1083E9004C0E9E /* mmulogoshape.png in Resources */ = {isa = PBXBuildFile; fileRef = E1B6D0AB1C1083E9004C0E9E /* mmulogoshape.png */; };
		E1B6D0AF1C108F4E004C0E9E /* EnergyView.m in Sources */ = {isa = PBXBuildFile; fileRef = E1B6D0AE1C108F4E004C0E9E /* EnergyView.m */; };
		E1EE19781987E6B1006552A3 /* vo2calc.png in Resources */ = {isa = PBXBuildFile; fileRef = E1EE196E1987E6B1006552A3 /* vo2calc.png */; };
		E1EE19791987E6B1006552A3 /* contacts.png in Resources */ = {isa = PBXBuildFile; fileRef = E1EE196F1987E6B1006552A3 /* contacts.png */; };
		E1EE197A1987E6B1006552A3 /* tutorial.png in Resources */ = {isa = PBXBuildFile; fileRef = E1EE19701987E6B1006552A3 /* tutorial.png */; };
		E1EE197B1987E6B1006552A3 /* folder_blue_pics_1.png in Resources */ = {isa = PBXBuildFile; fileRef = E1EE19711987E6B1006552A3 /* folder_blue_pics_1.png */; };
		E1EE197C1987E6B1006552A3 /* people.png in Resources */ = {isa = PBXBuildFile; fileRef = E1EE19721987E6B1006552A3 /* people.png */; };
		E1EE197D1987E6B1006552A3 /* book.png in Resources */ = {isa = PBXBuildFile; fileRef = E1EE19731987E6B1006552A3 /* book.png */; };
		E1EE197E1987E6B1006552A3 /* contents.png in Resources */ = {isa = PBXBuildFile; fileRef = E1EE19741987E6B1006552A3 /* contents.png */; };
		E1EE197F1987E6B1006552A3 /* export_to_file.png in Resources */ = {isa = PBXBuildFile; fileRef = E1EE19751987E6B1006552A3 /* export_to_file.png */; };
		E1EE19801987E6B1006552A3 /* get_info.png in Resources */ = {isa = PBXBuildFile; fileRef = E1EE19761987E6B1006552A3 /* get_info.png */; };
		E1EE19811987E6B1006552A3 /* document_graph.png in Resources */ = {isa = PBXBuildFile; fileRef = E1EE19771987E6B1006552A3 /* document_graph.png */; };
		E1F13E201974537000A9748D /* Foundation.framework in Frameworks */ = {isa = PBXBuildFile; fileRef = E1F13E1F1974537000A9748D /* Foundation.framework */; };
		E1F13E221974537000A9748D /* CoreGraphics.framework in Frameworks */ = {isa = PBXBuildFile; fileRef = E1F13E211974537000A9748D /* CoreGraphics.framework */; };
		E1F13E241974537000A9748D /* UIKit.framework in Frameworks */ = {isa = PBXBuildFile; fileRef = E1F13E231974537000A9748D /* UIKit.framework */; };
		E1F13E2A1974537000A9748D /* InfoPlist.strings in Resources */ = {isa = PBXBuildFile; fileRef = E1F13E281974537000A9748D /* InfoPlist.strings */; };
		E1F13E2C1974537000A9748D /* main.m in Sources */ = {isa = PBXBuildFile; fileRef = E1F13E2B1974537000A9748D /* main.m */; };
		E1F13E301974537000A9748D /* AppDelegate.m in Sources */ = {isa = PBXBuildFile; fileRef = E1F13E2F1974537000A9748D /* AppDelegate.m */; };
		E1F13E331974537000A9748D /* Main_iPhone.storyboard in Resources */ = {isa = PBXBuildFile; fileRef = E1F13E311974537000A9748D /* Main_iPhone.storyboard */; };
		E1F13E391974537000A9748D /* ViewController.m in Sources */ = {isa = PBXBuildFile; fileRef = E1F13E381974537000A9748D /* ViewController.m */; };
		E1F13E3B1974537000A9748D /* Images.xcassets in Resources */ = {isa = PBXBuildFile; fileRef = E1F13E3A1974537000A9748D /* Images.xcassets */; };
		E1F13E421974537000A9748D /* XCTest.framework in Frameworks */ = {isa = PBXBuildFile; fileRef = E1F13E411974537000A9748D /* XCTest.framework */; };
		E1F13E431974537000A9748D /* Foundation.framework in Frameworks */ = {isa = PBXBuildFile; fileRef = E1F13E1F1974537000A9748D /* Foundation.framework */; };
		E1F13E441974537000A9748D /* UIKit.framework in Frameworks */ = {isa = PBXBuildFile; fileRef = E1F13E231974537000A9748D /* UIKit.framework */; };
		E1F13E4C1974537000A9748D /* InfoPlist.strings in Resources */ = {isa = PBXBuildFile; fileRef = E1F13E4A1974537000A9748D /* InfoPlist.strings */; };
		E1F13E4E1974537000A9748D /* VO2Tests.m in Sources */ = {isa = PBXBuildFile; fileRef = E1F13E4D1974537000A9748D /* VO2Tests.m */; };
/* End PBXBuildFile section */

/* Begin PBXContainerItemProxy section */
		E1F13E451974537000A9748D /* PBXContainerItemProxy */ = {
			isa = PBXContainerItemProxy;
			containerPortal = E1F13E141974537000A9748D /* Project object */;
			proxyType = 1;
			remoteGlobalIDString = E1F13E1B1974537000A9748D;
			remoteInfo = VO2;
		};
/* End PBXContainerItemProxy section */

/* Begin PBXFileReference section */
		912C01B2197755A7001C6093 /* MessageUI.framework */ = {isa = PBXFileReference; lastKnownFileType = wrapper.framework; name = MessageUI.framework; path = System/Library/Frameworks/MessageUI.framework; sourceTree = SDKROOT; };
		915A77DA198B078700FBCC92 /* data.plist */ = {isa = PBXFileReference; fileEncoding = 4; lastKnownFileType = text.plist.xml; path = data.plist; sourceTree = "<group>"; };
		E112D5841C07418000678FA4 /* mmulogo2.png */ = {isa = PBXFileReference; lastKnownFileType = image.png; path = mmulogo2.png; sourceTree = "<group>"; };
		E12BF2B3197E519600E19036 /* resultsView.h */ = {isa = PBXFileReference; fileEncoding = 4; lastKnownFileType = sourcecode.c.h; path = resultsView.h; sourceTree = "<group>"; };
		E12BF2B4197E519600E19036 /* resultsView.m */ = {isa = PBXFileReference; fileEncoding = 4; lastKnownFileType = sourcecode.c.objc; path = resultsView.m; sourceTree = "<group>"; };
		E12BF2B6197E898300E19036 /* subjectViewController.h */ = {isa = PBXFileReference; fileEncoding = 4; lastKnownFileType = sourcecode.c.h; path = subjectViewController.h; sourceTree = "<group>"; };
		E12BF2B7197E898300E19036 /* subjectViewController.m */ = {isa = PBXFileReference; fileEncoding = 4; lastKnownFileType = sourcecode.c.objc; path = subjectViewController.m; sourceTree = "<group>"; };
		E12BF2B9197E899F00E19036 /* readingsViewController.h */ = {isa = PBXFileReference; fileEncoding = 4; lastKnownFileType = sourcecode.c.h; path = readingsViewController.h; sourceTree = "<group>"; };
		E12BF2BA197E899F00E19036 /* readingsViewController.m */ = {isa = PBXFileReference; fileEncoding = 4; lastKnownFileType = sourcecode.c.objc; path = readingsViewController.m; sourceTree = "<group>"; };
		E12EEAA219752EF300CEDBD5 /* about50x50.png */ = {isa = PBXFileReference; lastKnownFileType = image.png; path = about50x50.png; sourceTree = "<group>"; };
		E12EEAA419752EF300CEDBD5 /* about50x50@2x.png */ = {isa = PBXFileReference; lastKnownFileType = image.png; path = "about50x50@2x.png"; sourceTree = "<group>"; };
		E12EEAA519752EF300CEDBD5 /* calc50x50.png */ = {isa = PBXFileReference; lastKnownFileType = image.png; path = calc50x50.png; sourceTree = "<group>"; };
		E12EEAA619752EF300CEDBD5 /* calc50x50@2x.png */ = {isa = PBXFileReference; lastKnownFileType = image.png; path = "calc50x50@2x.png"; sourceTree = "<group>"; };
		E12EEAA719752EF300CEDBD5 /* results50x50.png */ = {isa = PBXFileReference; lastKnownFileType = image.png; path = results50x50.png; sourceTree = "<group>"; };
		E12EEAA819752EF300CEDBD5 /* results50x50@2x.png */ = {isa = PBXFileReference; lastKnownFileType = image.png; path = "results50x50@2x.png"; sourceTree = "<group>"; };
		E12EEAA919752EF300CEDBD5 /* send50x50.png */ = {isa = PBXFileReference; lastKnownFileType = image.png; path = send50x50.png; sourceTree = "<group>"; };
		E12EEAAA19752EF300CEDBD5 /* send50x50@2x.png */ = {isa = PBXFileReference; lastKnownFileType = image.png; path = "send50x50@2x.png"; sourceTree = "<group>"; };
		E12EEAAB19752EF300CEDBD5 /* settings50x50.png */ = {isa = PBXFileReference; lastKnownFileType = image.png; path = settings50x50.png; sourceTree = "<group>"; };
		E12EEAAC19752EF300CEDBD5 /* settings50x50@2x.png */ = {isa = PBXFileReference; lastKnownFileType = image.png; path = "settings50x50@2x.png"; sourceTree = "<group>"; };
		E12EEAAD19752EF300CEDBD5 /* vo2_50x50.png */ = {isa = PBXFileReference; lastKnownFileType = image.png; path = vo2_50x50.png; sourceTree = "<group>"; };
		E12EEAAE19752EF300CEDBD5 /* vo2_50x50@2x.png */ = {isa = PBXFileReference; lastKnownFileType = image.png; path = "vo2_50x50@2x.png"; sourceTree = "<group>"; };
		E12EEABC19758ABF00CEDBD5 /* mySingleton.h */ = {isa = PBXFileReference; fileEncoding = 4; lastKnownFileType = sourcecode.c.h; path = mySingleton.h; sourceTree = "<group>"; };
		E12EEABD19758ABF00CEDBD5 /* mySingleton.m */ = {isa = PBXFileReference; fileEncoding = 4; lastKnownFileType = sourcecode.c.objc; path = mySingleton.m; sourceTree = "<group>"; };
		E1AEEACE1C05EA07007D243E /* Settings.bundle */ = {isa = PBXFileReference; lastKnownFileType = "wrapper.plug-in"; path = Settings.bundle; sourceTree = "<group>"; };
		E1B6D0AB1C1083E9004C0E9E /* mmulogoshape.png */ = {isa = PBXFileReference; lastKnownFileType = image.png; path = mmulogoshape.png; sourceTree = "<group>"; };
		E1B6D0AD1C108F4E004C0E9E /* EnergyView.h */ = {isa = PBXFileReference; fileEncoding = 4; lastKnownFileType = sourcecode.c.h; path = EnergyView.h; sourceTree = "<group>"; };
		E1B6D0AE1C108F4E004C0E9E /* EnergyView.m */ = {isa = PBXFileReference; fileEncoding = 4; lastKnownFileType = sourcecode.c.objc; path = EnergyView.m; sourceTree = "<group>"; };
		E1EE196E1987E6B1006552A3 /* vo2calc.png */ = {isa = PBXFileReference; lastKnownFileType = image.png; path = vo2calc.png; sourceTree = "<group>"; };
		E1EE196F1987E6B1006552A3 /* contacts.png */ = {isa = PBXFileReference; lastKnownFileType = image.png; path = contacts.png; sourceTree = "<group>"; };
		E1EE19701987E6B1006552A3 /* tutorial.png */ = {isa = PBXFileReference; lastKnownFileType = image.png; path = tutorial.png; sourceTree = "<group>"; };
		E1EE19711987E6B1006552A3 /* folder_blue_pics_1.png */ = {isa = PBXFileReference; lastKnownFileType = image.png; path = folder_blue_pics_1.png; sourceTree = "<group>"; };
		E1EE19721987E6B1006552A3 /* people.png */ = {isa = PBXFileReference; lastKnownFileType = image.png; path = people.png; sourceTree = "<group>"; };
		E1EE19731987E6B1006552A3 /* book.png */ = {isa = PBXFileReference; lastKnownFileType = image.png; path = book.png; sourceTree = "<group>"; };
		E1EE19741987E6B1006552A3 /* contents.png */ = {isa = PBXFileReference; lastKnownFileType = image.png; path = contents.png; sourceTree = "<group>"; };
		E1EE19751987E6B1006552A3 /* export_to_file.png */ = {isa = PBXFileReference; lastKnownFileType = image.png; path = export_to_file.png; sourceTree = "<group>"; };
		E1EE19761987E6B1006552A3 /* get_info.png */ = {isa = PBXFileReference; lastKnownFileType = image.png; path = get_info.png; sourceTree = "<group>"; };
		E1EE19771987E6B1006552A3 /* document_graph.png */ = {isa = PBXFileReference; lastKnownFileType = image.png; path = document_graph.png; sourceTree = "<group>"; };
		E1F13E1C1974537000A9748D /* VO2.app */ = {isa = PBXFileReference; explicitFileType = wrapper.application; includeInIndex = 0; path = VO2.app; sourceTree = BUILT_PRODUCTS_DIR; };
		E1F13E1F1974537000A9748D /* Foundation.framework */ = {isa = PBXFileReference; lastKnownFileType = wrapper.framework; name = Foundation.framework; path = System/Library/Frameworks/Foundation.framework; sourceTree = SDKROOT; };
		E1F13E211974537000A9748D /* CoreGraphics.framework */ = {isa = PBXFileReference; lastKnownFileType = wrapper.framework; name = CoreGraphics.framework; path = System/Library/Frameworks/CoreGraphics.framework; sourceTree = SDKROOT; };
		E1F13E231974537000A9748D /* UIKit.framework */ = {isa = PBXFileReference; lastKnownFileType = wrapper.framework; name = UIKit.framework; path = System/Library/Frameworks/UIKit.framework; sourceTree = SDKROOT; };
		E1F13E271974537000A9748D /* VO2-Info.plist */ = {isa = PBXFileReference; lastKnownFileType = text.plist.xml; path = "VO2-Info.plist"; sourceTree = "<group>"; };
		E1F13E291974537000A9748D /* en */ = {isa = PBXFileReference; lastKnownFileType = text.plist.strings; name = en; path = en.lproj/InfoPlist.strings; sourceTree = "<group>"; };
		E1F13E2B1974537000A9748D /* main.m */ = {isa = PBXFileReference; lastKnownFileType = sourcecode.c.objc; path = main.m; sourceTree = "<group>"; };
		E1F13E2D1974537000A9748D /* VO2-Prefix.pch */ = {isa = PBXFileReference; lastKnownFileType = sourcecode.c.h; path = "VO2-Prefix.pch"; sourceTree = "<group>"; };
		E1F13E2E1974537000A9748D /* AppDelegate.h */ = {isa = PBXFileReference; lastKnownFileType = sourcecode.c.h; path = AppDelegate.h; sourceTree = "<group>"; };
		E1F13E2F1974537000A9748D /* AppDelegate.m */ = {isa = PBXFileReference; lastKnownFileType = sourcecode.c.objc; path = AppDelegate.m; sourceTree = "<group>"; };
		E1F13E321974537000A9748D /* Base */ = {isa = PBXFileReference; lastKnownFileType = file.storyboard; name = Base; path = Base.lproj/Main_iPhone.storyboard; sourceTree = "<group>"; };
		E1F13E371974537000A9748D /* ViewController.h */ = {isa = PBXFileReference; lastKnownFileType = sourcecode.c.h; path = ViewController.h; sourceTree = "<group>"; };
		E1F13E381974537000A9748D /* ViewController.m */ = {isa = PBXFileReference; lastKnownFileType = sourcecode.c.objc; path = ViewController.m; sourceTree = "<group>"; };
		E1F13E3A1974537000A9748D /* Images.xcassets */ = {isa = PBXFileReference; lastKnownFileType = folder.assetcatalog; path = Images.xcassets; sourceTree = "<group>"; };
		E1F13E401974537000A9748D /* VO2Tests.xctest */ = {isa = PBXFileReference; explicitFileType = wrapper.cfbundle; includeInIndex = 0; path = VO2Tests.xctest; sourceTree = BUILT_PRODUCTS_DIR; };
		E1F13E411974537000A9748D /* XCTest.framework */ = {isa = PBXFileReference; lastKnownFileType = wrapper.framework; name = XCTest.framework; path = Library/Frameworks/XCTest.framework; sourceTree = DEVELOPER_DIR; };
		E1F13E491974537000A9748D /* VO2Tests-Info.plist */ = {isa = PBXFileReference; lastKnownFileType = text.plist.xml; path = "VO2Tests-Info.plist"; sourceTree = "<group>"; };
		E1F13E4B1974537000A9748D /* en */ = {isa = PBXFileReference; lastKnownFileType = text.plist.strings; name = en; path = en.lproj/InfoPlist.strings; sourceTree = "<group>"; };
		E1F13E4D1974537000A9748D /* VO2Tests.m */ = {isa = PBXFileReference; lastKnownFileType = sourcecode.c.objc; path = VO2Tests.m; sourceTree = "<group>"; };
/* End PBXFileReference section */

/* Begin PBXFrameworksBuildPhase section */
		E1F13E191974537000A9748D /* Frameworks */ = {
			isa = PBXFrameworksBuildPhase;
			buildActionMask = 2147483647;
			files = (
				912C01B3197755A7001C6093 /* MessageUI.framework in Frameworks */,
				E1F13E221974537000A9748D /* CoreGraphics.framework in Frameworks */,
				E1F13E241974537000A9748D /* UIKit.framework in Frameworks */,
				E1F13E201974537000A9748D /* Foundation.framework in Frameworks */,
			);
			runOnlyForDeploymentPostprocessing = 0;
		};
		E1F13E3D1974537000A9748D /* Frameworks */ = {
			isa = PBXFrameworksBuildPhase;
			buildActionMask = 2147483647;
			files = (
				E1F13E421974537000A9748D /* XCTest.framework in Frameworks */,
				E1F13E441974537000A9748D /* UIKit.framework in Frameworks */,
				E1F13E431974537000A9748D /* Foundation.framework in Frameworks */,
			);
			runOnlyForDeploymentPostprocessing = 0;
		};
/* End PBXFrameworksBuildPhase section */

/* Begin PBXGroup section */
		913BCB9D1974ADFD00CB112C /* images */ = {
			isa = PBXGroup;
			children = (
				E1B6D0AB1C1083E9004C0E9E /* mmulogoshape.png */,
				E112D5841C07418000678FA4 /* mmulogo2.png */,
				E1EE196E1987E6B1006552A3 /* vo2calc.png */,
				E1EE196F1987E6B1006552A3 /* contacts.png */,
				E1EE19701987E6B1006552A3 /* tutorial.png */,
				E1EE19711987E6B1006552A3 /* folder_blue_pics_1.png */,
				E1EE19721987E6B1006552A3 /* people.png */,
				E1EE19731987E6B1006552A3 /* book.png */,
				E1EE19741987E6B1006552A3 /* contents.png */,
				E1EE19751987E6B1006552A3 /* export_to_file.png */,
				E1EE19761987E6B1006552A3 /* get_info.png */,
				E1EE19771987E6B1006552A3 /* document_graph.png */,
				E12EEAA219752EF300CEDBD5 /* about50x50.png */,
				E12EEAA419752EF300CEDBD5 /* about50x50@2x.png */,
				E12EEAA519752EF300CEDBD5 /* calc50x50.png */,
				E12EEAA619752EF300CEDBD5 /* calc50x50@2x.png */,
				E12EEAA719752EF300CEDBD5 /* results50x50.png */,
				E12EEAA819752EF300CEDBD5 /* results50x50@2x.png */,
				E12EEAA919752EF300CEDBD5 /* send50x50.png */,
				E12EEAAA19752EF300CEDBD5 /* send50x50@2x.png */,
				E12EEAAB19752EF300CEDBD5 /* settings50x50.png */,
				E12EEAAC19752EF300CEDBD5 /* settings50x50@2x.png */,
				E12EEAAD19752EF300CEDBD5 /* vo2_50x50.png */,
				E12EEAAE19752EF300CEDBD5 /* vo2_50x50@2x.png */,
			);
			name = images;
			sourceTree = "<group>";
		};
		E1F13E131974537000A9748D = {
			isa = PBXGroup;
			children = (
				E12EEABC19758ABF00CEDBD5 /* mySingleton.h */,
				E12EEABD19758ABF00CEDBD5 /* mySingleton.m */,
				E1F13E251974537000A9748D /* VO2 */,
				E1F13E471974537000A9748D /* VO2Tests */,
				E1F13E1E1974537000A9748D /* Frameworks */,
				E1F13E1D1974537000A9748D /* Products */,
			);
			sourceTree = "<group>";
		};
		E1F13E1D1974537000A9748D /* Products */ = {
			isa = PBXGroup;
			children = (
				E1F13E1C1974537000A9748D /* VO2.app */,
				E1F13E401974537000A9748D /* VO2Tests.xctest */,
			);
			name = Products;
			sourceTree = "<group>";
		};
		E1F13E1E1974537000A9748D /* Frameworks */ = {
			isa = PBXGroup;
			children = (
				912C01B2197755A7001C6093 /* MessageUI.framework */,
				E1F13E1F1974537000A9748D /* Foundation.framework */,
				E1F13E211974537000A9748D /* CoreGraphics.framework */,
				E1F13E231974537000A9748D /* UIKit.framework */,
				E1F13E411974537000A9748D /* XCTest.framework */,
			);
			name = Frameworks;
			sourceTree = "<group>";
		};
		E1F13E251974537000A9748D /* VO2 */ = {
			isa = PBXGroup;
			children = (
				E1F13E2E1974537000A9748D /* AppDelegate.h */,
				E1F13E2F1974537000A9748D /* AppDelegate.m */,
				E1F13E311974537000A9748D /* Main_iPhone.storyboard */,
				913BCB9D1974ADFD00CB112C /* images */,
				E1F13E371974537000A9748D /* ViewController.h */,
				E1F13E381974537000A9748D /* ViewController.m */,
				E12BF2B6197E898300E19036 /* subjectViewController.h */,
				E12BF2B7197E898300E19036 /* subjectViewController.m */,
				E12BF2B9197E899F00E19036 /* readingsViewController.h */,
				E12BF2BA197E899F00E19036 /* readingsViewController.m */,
				E12BF2B3197E519600E19036 /* resultsView.h */,
				E12BF2B4197E519600E19036 /* resultsView.m */,
				E1B6D0AD1C108F4E004C0E9E /* EnergyView.h */,
				E1B6D0AE1C108F4E004C0E9E /* EnergyView.m */,
				E1F13E3A1974537000A9748D /* Images.xcassets */,
				E1F13E261974537000A9748D /* Supporting Files */,
			);
			path = VO2;
			sourceTree = "<group>";
		};
		E1F13E261974537000A9748D /* Supporting Files */ = {
			isa = PBXGroup;
			children = (
				E1F13E271974537000A9748D /* VO2-Info.plist */,
				E1F13E281974537000A9748D /* InfoPlist.strings */,
				E1F13E2B1974537000A9748D /* main.m */,
				E1F13E2D1974537000A9748D /* VO2-Prefix.pch */,
				915A77DA198B078700FBCC92 /* data.plist */,
				E1AEEACE1C05EA07007D243E /* Settings.bundle */,
			);
			name = "Supporting Files";
			sourceTree = "<group>";
		};
		E1F13E471974537000A9748D /* VO2Tests */ = {
			isa = PBXGroup;
			children = (
				E1F13E4D1974537000A9748D /* VO2Tests.m */,
				E1F13E481974537000A9748D /* Supporting Files */,
			);
			path = VO2Tests;
			sourceTree = "<group>";
		};
		E1F13E481974537000A9748D /* Supporting Files */ = {
			isa = PBXGroup;
			children = (
				E1F13E491974537000A9748D /* VO2Tests-Info.plist */,
				E1F13E4A1974537000A9748D /* InfoPlist.strings */,
			);
			name = "Supporting Files";
			sourceTree = "<group>";
		};
/* End PBXGroup section */

/* Begin PBXNativeTarget section */
		E1F13E1B1974537000A9748D /* VO2 */ = {
			isa = PBXNativeTarget;
			buildConfigurationList = E1F13E511974537000A9748D /* Build configuration list for PBXNativeTarget "VO2" */;
			buildPhases = (
				E1073DBF1C0875AA002DA7A0 /* ShellScript */,
				E1F13E181974537000A9748D /* Sources */,
				E1F13E1A1974537000A9748D /* Resources */,
				E1F13E191974537000A9748D /* Frameworks */,
			);
			buildRules = (
			);
			dependencies = (
			);
			name = VO2;
			productName = VO2;
			productReference = E1F13E1C1974537000A9748D /* VO2.app */;
			productType = "com.apple.product-type.application";
		};
		E1F13E3F1974537000A9748D /* VO2Tests */ = {
			isa = PBXNativeTarget;
			buildConfigurationList = E1F13E541974537000A9748D /* Build configuration list for PBXNativeTarget "VO2Tests" */;
			buildPhases = (
				E1F13E3C1974537000A9748D /* Sources */,
				E1F13E3D1974537000A9748D /* Frameworks */,
				E1F13E3E1974537000A9748D /* Resources */,
			);
			buildRules = (
			);
			dependencies = (
				E1F13E461974537000A9748D /* PBXTargetDependency */,
			);
			name = VO2Tests;
			productName = VO2Tests;
			productReference = E1F13E401974537000A9748D /* VO2Tests.xctest */;
			productType = "com.apple.product-type.bundle.unit-test";
		};
/* End PBXNativeTarget section */

/* Begin PBXProject section */
		E1F13E141974537000A9748D /* Project object */ = {
			isa = PBXProject;
			attributes = {
				LastUpgradeCheck = 0710;
				ORGANIZATIONNAME = "Manchester Metropolitan University - ESS - essmobile";
				TargetAttributes = {
					E1F13E1B1974537000A9748D = {
						DevelopmentTeam = 4SPW49WK35;
					};
					E1F13E3F1974537000A9748D = {
						TestTargetID = E1F13E1B1974537000A9748D;
					};
				};
			};
			buildConfigurationList = E1F13E171974537000A9748D /* Build configuration list for PBXProject "VO2" */;
			compatibilityVersion = "Xcode 3.2";
			developmentRegion = English;
			hasScannedForEncodings = 0;
			knownRegions = (
				en,
				Base,
			);
			mainGroup = E1F13E131974537000A9748D;
			productRefGroup = E1F13E1D1974537000A9748D /* Products */;
			projectDirPath = "";
			projectRoot = "";
			targets = (
				E1F13E1B1974537000A9748D /* VO2 */,
				E1F13E3F1974537000A9748D /* VO2Tests */,
			);
		};
/* End PBXProject section */

/* Begin PBXResourcesBuildPhase section */
		E1F13E1A1974537000A9748D /* Resources */ = {
			isa = PBXResourcesBuildPhase;
			buildActionMask = 2147483647;
			files = (
				E1EE197F1987E6B1006552A3 /* export_to_file.png in Resources */,
				E1EE197C1987E6B1006552A3 /* people.png in Resources */,
				E12EEABA19752EF300CEDBD5 /* vo2_50x50.png in Resources */,
				E12EEAB719752EF300CEDBD5 /* send50x50@2x.png in Resources */,
				E12EEAB319752EF300CEDBD5 /* calc50x50@2x.png in Resources */,
				E1F13E3B1974537000A9748D /* Images.xcassets in Resources */,
				E1F13E331974537000A9748D /* Main_iPhone.storyboard in Resources */,
				E1EE197B1987E6B1006552A3 /* folder_blue_pics_1.png in Resources */,
				E1EE197D1987E6B1006552A3 /* book.png in Resources */,
				E1EE19791987E6B1006552A3 /* contacts.png in Resources */,
				E12EEAAF19752EF300CEDBD5 /* about50x50.png in Resources */,
				E1F13E2A1974537000A9748D /* InfoPlist.strings in Resources */,
				E12EEABB19752EF300CEDBD5 /* vo2_50x50@2x.png in Resources */,
				E12EEAB219752EF300CEDBD5 /* calc50x50.png in Resources */,
				915A77DB198B078700FBCC92 /* data.plist in Resources */,
				E12EEAB419752EF300CEDBD5 /* results50x50.png in Resources */,
				E1B6D0AC1C1083E9004C0E9E /* mmulogoshape.png in Resources */,
				E12EEAB619752EF300CEDBD5 /* send50x50.png in Resources */,
				E1EE19781987E6B1006552A3 /* vo2calc.png in Resources */,
				E1EE197A1987E6B1006552A3 /* tutorial.png in Resources */,
				E12EEAB819752EF300CEDBD5 /* settings50x50.png in Resources */,
				E12EEAB919752EF300CEDBD5 /* settings50x50@2x.png in Resources */,
				E112D5851C07418000678FA4 /* mmulogo2.png in Resources */,
				E12EEAB119752EF300CEDBD5 /* about50x50@2x.png in Resources */,
				E1EE197E1987E6B1006552A3 /* contents.png in Resources */,
				E12EEAB519752EF300CEDBD5 /* results50x50@2x.png in Resources */,
				E1EE19801987E6B1006552A3 /* get_info.png in Resources */,
				E1AEEACF1C05EA07007D243E /* Settings.bundle in Resources */,
				E1EE19811987E6B1006552A3 /* document_graph.png in Resources */,
			);
			runOnlyForDeploymentPostprocessing = 0;
		};
		E1F13E3E1974537000A9748D /* Resources */ = {
			isa = PBXResourcesBuildPhase;
			buildActionMask = 2147483647;
			files = (
				E1F13E4C1974537000A9748D /* InfoPlist.strings in Resources */,
			);
			runOnlyForDeploymentPostprocessing = 0;
		};
/* End PBXResourcesBuildPhase section */

/* Begin PBXShellScriptBuildPhase section */
		E1073DBF1C0875AA002DA7A0 /* ShellScript */ = {
			isa = PBXShellScriptBuildPhase;
			buildActionMask = 2147483647;
			files = (
			);
			inputPaths = (
			);
			outputPaths = (
			);
			runOnlyForDeploymentPostprocessing = 0;
			shellPath = /bin/sh;
			shellScript = "python /Users/jonhowell/Documents/VO2newsimple2015/VO2/Settings.bundle/Licence.py";
		};
/* End PBXShellScriptBuildPhase section */

/* Begin PBXSourcesBuildPhase section */
		E1F13E181974537000A9748D /* Sources */ = {
			isa = PBXSourcesBuildPhase;
			buildActionMask = 2147483647;
			files = (
				E1F13E391974537000A9748D /* ViewController.m in Sources */,
				E12BF2BB197E899F00E19036 /* readingsViewController.m in Sources */,
				E12EEABE19758ABF00CEDBD5 /* mySingleton.m in Sources */,
				E1F13E301974537000A9748D /* AppDelegate.m in Sources */,
				E1B6D0AF1C108F4E004C0E9E /* EnergyView.m in Sources */,
				E12BF2B8197E898300E19036 /* subjectViewController.m in Sources */,
				E1F13E2C1974537000A9748D /* main.m in Sources */,
				E12BF2B5197E519600E19036 /* resultsView.m in Sources */,
			);
			runOnlyForDeploymentPostprocessing = 0;
		};
		E1F13E3C1974537000A9748D /* Sources */ = {
			isa = PBXSourcesBuildPhase;
			buildActionMask = 2147483647;
			files = (
				E1F13E4E1974537000A9748D /* VO2Tests.m in Sources */,
			);
			runOnlyForDeploymentPostprocessing = 0;
		};
/* End PBXSourcesBuildPhase section */

/* Begin PBXTargetDependency section */
		E1F13E461974537000A9748D /* PBXTargetDependency */ = {
			isa = PBXTargetDependency;
			target = E1F13E1B1974537000A9748D /* VO2 */;
			targetProxy = E1F13E451974537000A9748D /* PBXContainerItemProxy */;
		};
/* End PBXTargetDependency section */

/* Begin PBXVariantGroup section */
		E1F13E281974537000A9748D /* InfoPlist.strings */ = {
			isa = PBXVariantGroup;
			children = (
				E1F13E291974537000A9748D /* en */,
			);
			name = InfoPlist.strings;
			sourceTree = "<group>";
		};
		E1F13E311974537000A9748D /* Main_iPhone.storyboard */ = {
			isa = PBXVariantGroup;
			children = (
				E1F13E321974537000A9748D /* Base */,
			);
			name = Main_iPhone.storyboard;
			sourceTree = "<group>";
		};
		E1F13E4A1974537000A9748D /* InfoPlist.strings */ = {
			isa = PBXVariantGroup;
			children = (
				E1F13E4B1974537000A9748D /* en */,
			);
			name = InfoPlist.strings;
			sourceTree = "<group>";
		};
/* End PBXVariantGroup section */

/* Begin XCBuildConfiguration section */
		E1F13E4F1974537000A9748D /* Debug */ = {
			isa = XCBuildConfiguration;
			buildSettings = {
				ALWAYS_SEARCH_USER_PATHS = NO;
				CLANG_CXX_LANGUAGE_STANDARD = "gnu++0x";
				CLANG_CXX_LIBRARY = "libc++";
				CLANG_ENABLE_MODULES = YES;
				CLANG_ENABLE_OBJC_ARC = YES;
				CLANG_WARN_BOOL_CONVERSION = YES;
				CLANG_WARN_CONSTANT_CONVERSION = YES;
				CLANG_WARN_DIRECT_OBJC_ISA_USAGE = YES_ERROR;
				CLANG_WARN_EMPTY_BODY = YES;
				CLANG_WARN_ENUM_CONVERSION = YES;
				CLANG_WARN_INT_CONVERSION = YES;
				CLANG_WARN_OBJC_ROOT_CLASS = YES_ERROR;
				CLANG_WARN__DUPLICATE_METHOD_MATCH = YES;
				CODE_SIGN_IDENTITY = "iPhone Developer";
				"CODE_SIGN_IDENTITY[sdk=*]" = "iPhone Developer";
				COPY_PHASE_STRIP = NO;
				ENABLE_TESTABILITY = YES;
				GCC_C_LANGUAGE_STANDARD = gnu99;
				GCC_DYNAMIC_NO_PIC = NO;
				GCC_OPTIMIZATION_LEVEL = 0;
				GCC_PREPROCESSOR_DEFINITIONS = (
					"DEBUG=1",
					"$(inherited)",
				);
				GCC_SYMBOLS_PRIVATE_EXTERN = NO;
				GCC_WARN_64_TO_32_BIT_CONVERSION = YES;
				GCC_WARN_ABOUT_RETURN_TYPE = YES_ERROR;
				GCC_WARN_UNDECLARED_SELECTOR = YES;
				GCC_WARN_UNINITIALIZED_AUTOS = YES_AGGRESSIVE;
				GCC_WARN_UNUSED_FUNCTION = YES;
				GCC_WARN_UNUSED_VARIABLE = YES;
				IPHONEOS_DEPLOYMENT_TARGET = 8.4;
				ONLY_ACTIVE_ARCH = YES;
				PROVISIONING_PROFILE = "ffd793db-713c-4bf8-8f27-9bbcc166a53a";
				SDKROOT = iphoneos;
				TARGETED_DEVICE_FAMILY = "1,2";
			};
			name = Debug;
		};
		E1F13E501974537000A9748D /* Release */ = {
			isa = XCBuildConfiguration;
			buildSettings = {
				ALWAYS_SEARCH_USER_PATHS = NO;
				CLANG_CXX_LANGUAGE_STANDARD = "gnu++0x";
				CLANG_CXX_LIBRARY = "libc++";
				CLANG_ENABLE_MODULES = YES;
				CLANG_ENABLE_OBJC_ARC = YES;
				CLANG_WARN_BOOL_CONVERSION = YES;
				CLANG_WARN_CONSTANT_CONVERSION = YES;
				CLANG_WARN_DIRECT_OBJC_ISA_USAGE = YES_ERROR;
				CLANG_WARN_EMPTY_BODY = YES;
				CLANG_WARN_ENUM_CONVERSION = YES;
				CLANG_WARN_INT_CONVERSION = YES;
				CLANG_WARN_OBJC_ROOT_CLASS = YES_ERROR;
				CLANG_WARN__DUPLICATE_METHOD_MATCH = YES;
				CODE_SIGN_IDENTITY = "iPhone Distribution: manchester metropolitan University";
				"CODE_SIGN_IDENTITY[sdk=iphoneos*]" = "iPhone Distribution: manchester metropolitan University";
				COPY_PHASE_STRIP = YES;
				ENABLE_NS_ASSERTIONS = NO;
				GCC_C_LANGUAGE_STANDARD = gnu99;
				GCC_WARN_64_TO_32_BIT_CONVERSION = YES;
				GCC_WARN_ABOUT_RETURN_TYPE = YES_ERROR;
				GCC_WARN_UNDECLARED_SELECTOR = YES;
				GCC_WARN_UNINITIALIZED_AUTOS = YES_AGGRESSIVE;
				GCC_WARN_UNUSED_FUNCTION = YES;
				GCC_WARN_UNUSED_VARIABLE = YES;
				IPHONEOS_DEPLOYMENT_TARGET = 8.4;
				PROVISIONING_PROFILE = "c9f104d3-8af0-49d4-9d4d-f3df223871a1";
				SDKROOT = iphoneos;
				TARGETED_DEVICE_FAMILY = "1,2";
				VALIDATE_PRODUCT = YES;
			};
			name = Release;
		};
		E1F13E521974537000A9748D /* Debug */ = {
			isa = XCBuildConfiguration;
			buildSettings = {
				ASSETCATALOG_COMPILER_APPICON_NAME = AppIcon;
				ASSETCATALOG_COMPILER_LAUNCHIMAGE_NAME = LaunchImage;
				CODE_SIGN_IDENTITY = "iPhone Developer";
				"CODE_SIGN_IDENTITY[sdk=iphoneos*]" = "iPhone Developer";
				GCC_PRECOMPILE_PREFIX_HEADER = YES;
				GCC_PREFIX_HEADER = "VO2/VO2-Prefix.pch";
				INFOPLIST_FILE = "VO2/VO2-Info.plist";
				IPHONEOS_DEPLOYMENT_TARGET = 8.4;
				PRODUCT_BUNDLE_IDENTIFIER = uk.ac.mmu.ess.www.jah.VO2;
				PRODUCT_NAME = "$(TARGET_NAME)";
				PROVISIONING_PROFILE = "";
				TARGETED_DEVICE_FAMILY = 1;
				WRAPPER_EXTENSION = app;
			};
			name = Debug;
		};
		E1F13E531974537000A9748D /* Release */ = {
			isa = XCBuildConfiguration;
			buildSettings = {
				ASSETCATALOG_COMPILER_APPICON_NAME = AppIcon;
				ASSETCATALOG_COMPILER_LAUNCHIMAGE_NAME = LaunchImage;
				CODE_SIGN_IDENTITY = "iPhone Distribution: manchester metropolitan University";
				"CODE_SIGN_IDENTITY[sdk=iphoneos*]" = "iPhone Distribution: manchester metropolitan University";
				GCC_PRECOMPILE_PREFIX_HEADER = YES;
				GCC_PREFIX_HEADER = "VO2/VO2-Prefix.pch";
				INFOPLIST_FILE = "VO2/VO2-Info.plist";
				IPHONEOS_DEPLOYMENT_TARGET = 8.4;
				PRODUCT_BUNDLE_IDENTIFIER = uk.ac.mmu.ess.www.jah.VO2;
				PRODUCT_NAME = "$(TARGET_NAME)";
				PROVISIONING_PROFILE = "";
				TARGETED_DEVICE_FAMILY = 1;
				WRAPPER_EXTENSION = app;
			};
			name = Release;
		};
		E1F13E551974537000A9748D /* Debug */ = {
			isa = XCBuildConfiguration;
			buildSettings = {
				BUNDLE_LOADER = "$(BUILT_PRODUCTS_DIR)/VO2.app/VO2";
				CODE_SIGN_IDENTITY = "iPhone Developer";
				FRAMEWORK_SEARCH_PATHS = (
					"$(SDKROOT)/Developer/Library/Frameworks",
					"$(inherited)",
					"$(DEVELOPER_FRAMEWORKS_DIR)",
				);
				GCC_PRECOMPILE_PREFIX_HEADER = YES;
				GCC_PREFIX_HEADER = "VO2/VO2-Prefix.pch";
				GCC_PREPROCESSOR_DEFINITIONS = (
					"DEBUG=1",
					"$(inherited)",
				);
				INFOPLIST_FILE = "VO2Tests/VO2Tests-Info.plist";
				PRODUCT_BUNDLE_IDENTIFIER = "uk.ac.mmu.ess.www.jahowell.${PRODUCT_NAME:rfc1034identifier}";
				PRODUCT_NAME = "$(TARGET_NAME)";
				TEST_HOST = "$(BUNDLE_LOADER)";
				WRAPPER_EXTENSION = xctest;
			};
			name = Debug;
		};
		E1F13E561974537000A9748D /* Release */ = {
			isa = XCBuildConfiguration;
			buildSettings = {
				BUNDLE_LOADER = "$(BUILT_PRODUCTS_DIR)/VO2.app/VO2";
				FRAMEWORK_SEARCH_PATHS = (
					"$(SDKROOT)/Developer/Library/Frameworks",
					"$(inherited)",
					"$(DEVELOPER_FRAMEWORKS_DIR)",
				);
				GCC_PRECOMPILE_PREFIX_HEADER = YES;
				GCC_PREFIX_HEADER = "VO2/VO2-Prefix.pch";
				INFOPLIST_FILE = "VO2Tests/VO2Tests-Info.plist";
				PRODUCT_BUNDLE_IDENTIFIER = "uk.ac.mmu.ess.www.jahowell.${PRODUCT_NAME:rfc1034identifier}";
				PRODUCT_NAME = "$(TARGET_NAME)";
				TEST_HOST = "$(BUNDLE_LOADER)";
				WRAPPER_EXTENSION = xctest;
			};
			name = Release;
		};
/* End XCBuildConfiguration section */

/* Begin XCConfigurationList section */
		E1F13E171974537000A9748D /* Build configuration list for PBXProject "VO2" */ = {
			isa = XCConfigurationList;
			buildConfigurations = (
				E1F13E4F1974537000A9748D /* Debug */,
				E1F13E501974537000A9748D /* Release */,
			);
			defaultConfigurationIsVisible = 0;
			defaultConfigurationName = Release;
		};
		E1F13E511974537000A9748D /* Build configuration list for PBXNativeTarget "VO2" */ = {
			isa = XCConfigurationList;
			buildConfigurations = (
				E1F13E521974537000A9748D /* Debug */,
				E1F13E531974537000A9748D /* Release */,
			);
			defaultConfigurationIsVisible = 0;
			defaultConfigurationName = Release;
		};
		E1F13E541974537000A9748D /* Build configuration list for PBXNativeTarget "VO2Tests" */ = {
			isa = XCConfigurationList;
			buildConfigurations = (
				E1F13E551974537000A9748D /* Debug */,
				E1F13E561974537000A9748D /* Release */,
			);
			defaultConfigurationIsVisible = 0;
			defaultConfigurationName = Release;
		};
/* End XCConfigurationList section */
	};
	rootObject = E1F13E141974537000A9748D /* Project object */;
}
